
Microsoft Visual Studio Solution File, Format Version 12.00
# Visual Studio Version 17
VisualStudioVersion = 17.8.34525.116
MinimumVisualStudioVersion = 10.0.40219.1
Project("{9A19103F-16F7-4668-BE54-9A1E7A4F7556}") = "Contacts.Maui", "Contacts.Maui\Contacts.Maui.csproj", "{2788A122-A88E-49A8-8D87-10FD5004E1A2}"
EndProject
Project("{9A19103F-16F7-4668-BE54-9A1E7A4F7556}") = "Contacts.CoreBusiness", "Contacts.CoreBusiness\Contacts.CoreBusiness.csproj", "{D0E209E7-2AB0-49B4-9AAB-3DCA6F0E85C0}"
EndProject
Project("{9A19103F-16F7-4668-BE54-9A1E7A4F7556}") = "Contacts.UseCases", "Contacts.UseCases\Contacts.UseCases.csproj", "{0018CD68-C5A7-4B4C-9D10-D2D569AB5CA1}"
EndProject
Project("{2150E333-8FDC-42A3-9474-1A3956D46DE8}") = "Plugins", "Plugins", "{D911D8C3-913F-4C50-AC6F-FAF635D3D577}"
EndProject
Project("{9A19103F-16F7-4668-BE54-9A1E7A4F7556}") = "Contacts.Plugins.DataStore.InMemory", "Plugins\Contacts.Plugins.DataStore.InMemory\Contacts.Plugins.DataStore.InMemory.csproj", "{8A965287-934B-4240-B7D3-871B0915C50A}"
EndProject
Project("{FAE04EC0-301F-11D3-BF4B-00C04F79EFBC}") = "Contacts.Plugins.DataStore.SQLite", "Plugins\Contacts.Plugins.DataStore.SQLite\Contacts.Plugins.DataStore.SQLite.csproj", "{B0DDACEC-E2DE-4EE4-B849-05961641B65F}"
EndProject
Global
	GlobalSection(SolutionConfigurationPlatforms) = preSolution
		Debug|Any CPU = Debug|Any CPU
		Release|Any CPU = Release|Any CPU
	EndGlobalSection
	GlobalSection(ProjectConfigurationPlatforms) = postSolution
		{2788A122-A88E-49A8-8D87-10FD5004E1A2}.Debug|Any CPU.ActiveCfg = Debug|Any CPU
		{2788A122-A88E-49A8-8D87-10FD5004E1A2}.Debug|Any CPU.Build.0 = Debug|Any CPU
		{2788A122-A88E-49A8-8D87-10FD5004E1A2}.Debug|Any CPU.Deploy.0 = Debug|Any CPU
		{2788A122-A88E-49A8-8D87-10FD5004E1A2}.Release|Any CPU.ActiveCfg = Release|Any CPU
		{2788A122-A88E-49A8-8D87-10FD5004E1A2}.Release|Any CPU.Build.0 = Release|Any CPU
		{2788A122-A88E-49A8-8D87-10FD5004E1A2}.Release|Any CPU.Deploy.0 = Release|Any CPU
		{D0E209E7-2AB0-49B4-9AAB-3DCA6F0E85C0}.Debug|Any CPU.ActiveCfg = Debug|Any CPU
		{D0E209E7-2AB0-49B4-9AAB-3DCA6F0E85C0}.Debug|Any CPU.Build.0 = Debug|Any CPU
		{D0E209E7-2AB0-49B4-9AAB-3DCA6F0E85C0}.Release|Any CPU.ActiveCfg = Release|Any CPU
		{D0E209E7-2AB0-49B4-9AAB-3DCA6F0E85C0}.Release|Any CPU.Build.0 = Release|Any CPU
		{0018CD68-C5A7-4B4C-9D10-D2D569AB5CA1}.Debug|Any CPU.ActiveCfg = Debug|Any CPU
		{0018CD68-C5A7-4B4C-9D10-D2D569AB5CA1}.Debug|Any CPU.Build.0 = Debug|Any CPU
		{0018CD68-C5A7-4B4C-9D10-D2D569AB5CA1}.Release|Any CPU.ActiveCfg = Release|Any CPU
		{0018CD68-C5A7-4B4C-9D10-D2D569AB5CA1}.Release|Any CPU.Build.0 = Release|Any CPU
		{8A965287-934B-4240-B7D3-871B0915C50A}.Debug|Any CPU.ActiveCfg = Debug|Any CPU
		{8A965287-934B-4240-B7D3-871B0915C50A}.Debug|Any CPU.Build.0 = Debug|Any CPU
		{8A965287-934B-4240-B7D3-871B0915C50A}.Release|Any CPU.ActiveCfg = Release|Any CPU
		{8A965287-934B-4240-B7D3-871B0915C50A}.Release|Any CPU.Build.0 = Release|Any CPU
		{B0DDACEC-E2DE-4EE4-B849-05961641B65F}.Debug|Any CPU.ActiveCfg = Debug|Any CPU
		{B0DDACEC-E2DE-4EE4-B849-05961641B65F}.Debug|Any CPU.Build.0 = Debug|Any CPU
		{B0DDACEC-E2DE-4EE4-B849-05961641B65F}.Release|Any CPU.ActiveCfg = Release|Any CPU
		{B0DDACEC-E2DE-4EE4-B849-05961641B65F}.Release|Any CPU.Build.0 = Release|Any CPU
	EndGlobalSection
	GlobalSection(SolutionProperties) = preSolution
		HideSolutionNode = FALSE
	EndGlobalSection
	GlobalSection(NestedProjects) = preSolution
		{8A965287-934B-4240-B7D3-871B0915C50A} = {D911D8C3-913F-4C50-AC6F-FAF635D3D577}
		{B0DDACEC-E2DE-4EE4-B849-05961641B65F} = {D911D8C3-913F-4C50-AC6F-FAF635D3D577}
	EndGlobalSection
	GlobalSection(ExtensibilityGlobals) = postSolution
		SolutionGuid = {C219BFEB-6A3F-40A4-B950-5AB56C1C18B7}
	EndGlobalSection
EndGlobal
